
Microsoft Visual Studio Solution File, Format Version 12.00
Project("{FAE04EC0-301F-11D3-BF4B-00C04F79EFBC}") = "SpringHeroBank", "SpringHeroBank\SpringHeroBank.csproj", "{24D11225-CECC-4E3C-8B36-E64144F6FE41}"
EndProject
Global
	GlobalSection(SolutionConfigurationPlatforms) = preSolution
		Debug|Any CPU = Debug|Any CPU
		Release|Any CPU = Release|Any CPU
	EndGlobalSection
	GlobalSection(ProjectConfigurationPlatforms) = postSolution
		{24D11225-CECC-4E3C-8B36-E64144F6FE41}.Debug|Any CPU.ActiveCfg = Debug|Any CPU
		{24D11225-CECC-4E3C-8B36-E64144F6FE41}.Debug|Any CPU.Build.0 = Debug|Any CPU
		{24D11225-CECC-4E3C-8B36-E64144F6FE41}.Release|Any CPU.ActiveCfg = Release|Any CPU
		{24D11225-CECC-4E3C-8B36-E64144F6FE41}.Release|Any CPU.Build.0 = Release|Any CPU
	EndGlobalSection
EndGlobal
